// !$*UTF8*$!
{
	archiveVersion = 1;
	classes = {
	};
	objectVersion = 53;
	objects = {

/* Begin PBXBuildFile section */
		574829722593C13B0086B428 /* ASimpleiPhoneAppApp.swift in Sources */ = {isa = PBXBuildFile; fileRef = 574829712593C13B0086B428 /* ASimpleiPhoneAppApp.swift */; };
		574829742593C13B0086B428 /* ContentView.swift in Sources */ = {isa = PBXBuildFile; fileRef = 574829732593C13B0086B428 /* ContentView.swift */; };
		574829762593C13C0086B428 /* Assets.xcassets in Resources */ = {isa = PBXBuildFile; fileRef = 574829752593C13C0086B428 /* Assets.xcassets */; };
		574829792593C13C0086B428 /* Preview Assets.xcassets in Resources */ = {isa = PBXBuildFile; fileRef = 574829782593C13C0086B428 /* Preview Assets.xcassets */; };
		574829852593E0FB0086B428 /* locations.json in Resources */ = {isa = PBXBuildFile; fileRef = 574829832593E0FA0086B428 /* locations.json */; };
		574829862593E0FB0086B428 /* tips.json in Resources */ = {isa = PBXBuildFile; fileRef = 574829842593E0FA0086B428 /* tips.json */; };
		574829892593F30F0086B428 /* location.swift in Sources */ = {isa = PBXBuildFile; fileRef = 574829882593F30F0086B428 /* location.swift */; };
		5748298C2593FA200086B428 /* Locations.swift in Sources */ = {isa = PBXBuildFile; fileRef = 5748298B2593FA200086B428 /* Locations.swift */; };
/* End PBXBuildFile section */

/* Begin PBXFileReference section */
		5748296E2593C13B0086B428 /* ASimpleiPhoneApp.app */ = {isa = PBXFileReference; explicitFileType = wrapper.application; includeInIndex = 0; path = ASimpleiPhoneApp.app; sourceTree = BUILT_PRODUCTS_DIR; };
		574829712593C13B0086B428 /* ASimpleiPhoneAppApp.swift */ = {isa = PBXFileReference; lastKnownFileType = sourcecode.swift; path = ASimpleiPhoneAppApp.swift; sourceTree = "<group>"; };
		574829732593C13B0086B428 /* ContentView.swift */ = {isa = PBXFileReference; lastKnownFileType = sourcecode.swift; path = ContentView.swift; sourceTree = "<group>"; };
		574829752593C13C0086B428 /* Assets.xcassets */ = {isa = PBXFileReference; lastKnownFileType = folder.assetcatalog; path = Assets.xcassets; sourceTree = "<group>"; };
		574829782593C13C0086B428 /* Preview Assets.xcassets */ = {isa = PBXFileReference; lastKnownFileType = folder.assetcatalog; path = "Preview Assets.xcassets"; sourceTree = "<group>"; };
		5748297A2593C13C0086B428 /* Info.plist */ = {isa = PBXFileReference; lastKnownFileType = text.plist.xml; path = Info.plist; sourceTree = "<group>"; };
		574829832593E0FA0086B428 /* locations.json */ = {isa = PBXFileReference; fileEncoding = 4; lastKnownFileType = text.json; path = locations.json; sourceTree = "<group>"; };
		574829842593E0FA0086B428 /* tips.json */ = {isa = PBXFileReference; fileEncoding = 4; lastKnownFileType = text.json; path = tips.json; sourceTree = "<group>"; };
		574829882593F30F0086B428 /* location.swift */ = {isa = PBXFileReference; lastKnownFileType = sourcecode.swift; path = location.swift; sourceTree = "<group>"; };
		5748298B2593FA200086B428 /* Locations.swift */ = {isa = PBXFileReference; lastKnownFileType = sourcecode.swift; path = Locations.swift; sourceTree = "<group>"; };
/* End PBXFileReference section */

/* Begin PBXFrameworksBuildPhase section */
		5748296B2593C13B0086B428 /* Frameworks */ = {
			isa = PBXFrameworksBuildPhase;
			buildActionMask = 2147483647;
			files = (
			);
			runOnlyForDeploymentPostprocessing = 0;
		};
/* End PBXFrameworksBuildPhase section */

/* Begin PBXGroup section */
		574829652593C13B0086B428 = {
			isa = PBXGroup;
			children = (
				574829702593C13B0086B428 /* ASimpleiPhoneApp */,
				5748296F2593C13B0086B428 /* Products */,
			);
			sourceTree = "<group>";
		};
		5748296F2593C13B0086B428 /* Products */ = {
			isa = PBXGroup;
			children = (
				5748296E2593C13B0086B428 /* ASimpleiPhoneApp.app */,
			);
			name = Products;
			sourceTree = "<group>";
		};
		574829702593C13B0086B428 /* ASimpleiPhoneApp */ = {
			isa = PBXGroup;
			children = (
				574829712593C13B0086B428 /* ASimpleiPhoneAppApp.swift */,
				574829882593F30F0086B428 /* location.swift */,
				5748298B2593FA200086B428 /* Locations.swift */,
				574829732593C13B0086B428 /* ContentView.swift */,
				574829752593C13C0086B428 /* Assets.xcassets */,
				5748297A2593C13C0086B428 /* Info.plist */,
				574829832593E0FA0086B428 /* locations.json */,
				574829842593E0FA0086B428 /* tips.json */,
				574829772593C13C0086B428 /* Preview Content */,
			);
			path = ASimpleiPhoneApp;
			sourceTree = "<group>";
		};
		574829772593C13C0086B428 /* Preview Content */ = {
			isa = PBXGroup;
			children = (
				574829782593C13C0086B428 /* Preview Assets.xcassets */,
			);
			path = "Preview Content";
			sourceTree = "<group>";
		};
/* End PBXGroup section */

/* Begin PBXNativeTarget section */
		5748296D2593C13B0086B428 /* ASimpleiPhoneApp */ = {
			isa = PBXNativeTarget;
			buildConfigurationList = 5748297D2593C13C0086B428 /* Build configuration list for PBXNativeTarget "ASimpleiPhoneApp" */;
			buildPhases = (
				5748296A2593C13B0086B428 /* Sources */,
				5748296B2593C13B0086B428 /* Frameworks */,
				5748296C2593C13B0086B428 /* Resources */,
			);
			buildRules = (
			);
			dependencies = (
			);
			name = ASimpleiPhoneApp;
			productName = ASimpleiPhoneApp;
			productReference = 5748296E2593C13B0086B428 /* ASimpleiPhoneApp.app */;
			productType = "com.apple.product-type.application";
		};
/* End PBXNativeTarget section */

/* Begin PBXProject section */
		574829662593C13B0086B428 /* Project object */ = {
			isa = PBXProject;
			attributes = {
				BuildIndependentTargetsInParallel = YES;
				LastSwiftUpdateCheck = 1230;
				LastUpgradeCheck = 1230;
				TargetAttributes = {
					5748296D2593C13B0086B428 = {
						CreatedOnToolsVersion = 12.3;
					};
				};
			};
			buildConfigurationList = 574829692593C13B0086B428 /* Build configuration list for PBXProject "ASimpleiPhoneApp" */;
			compatibilityVersion = "Xcode 9.3";
			developmentRegion = en;
			hasScannedForEncodings = 0;
			knownRegions = (
				en,
				Base,
			);
			mainGroup = 574829652593C13B0086B428;
			productRefGroup = 5748296F2593C13B0086B428 /* Products */;
			projectDirPath = "";
			projectRoot = "";
			targets = (
				5748296D2593C13B0086B428 /* ASimpleiPhoneApp */,
			);
		};
/* End PBXProject section */

/* Begin PBXResourcesBuildPhase section */
		5748296C2593C13B0086B428 /* Resources */ = {
			isa = PBXResourcesBuildPhase;
			buildActionMask = 2147483647;
			files = (
				574829792593C13C0086B428 /* Preview Assets.xcassets in Resources */,
				574829862593E0FB0086B428 /* tips.json in Resources */,
				574829852593E0FB0086B428 /* locations.json in Resources */,
				574829762593C13C0086B428 /* Assets.xcassets in Resources */,
			);
			runOnlyForDeploymentPostprocessing = 0;
		};
/* End PBXResourcesBuildPhase section */

/* Begin PBXSourcesBuildPhase section */
		5748296A2593C13B0086B428 /* Sources */ = {
			isa = PBXSourcesBuildPhase;
			buildActionMask = 2147483647;
			files = (
				574829892593F30F0086B428 /* location.swift in Sources */,
				574829742593C13B0086B428 /* ContentView.swift in Sources */,
				5748298C2593FA200086B428 /* Locations.swift in Sources */,
				574829722593C13B0086B428 /* ASimpleiPhoneAppApp.swift in Sources */,
			);
			runOnlyForDeploymentPostprocessing = 0;
		};
/* End PBXSourcesBuildPhase section */

/* Begin XCBuildConfiguration section */
		5748297B2593C13C0086B428 /* Debug */ = {
			isa = XCBuildConfiguration;
			buildSettings = {
				ALWAYS_SEARCH_USER_PATHS = NO;
				CLANG_ANALYZER_NONNULL = YES;
				CLANG_ANALYZER_NUMBER_OBJECT_CONVERSION = YES_AGGRESSIVE;
				CLANG_CXX_LANGUAGE_STANDARD = "gnu++14";
				CLANG_CXX_LIBRARY = "libc++";
				CLANG_ENABLE_MODULES = YES;
				CLANG_ENABLE_OBJC_ARC = YES;
				CLANG_ENABLE_OBJC_WEAK = YES;
				CLANG_WARN_BLOCK_CAPTURE_AUTORELEASING = YES;
				CLANG_WARN_BOOL_CONVERSION = YES;
				CLANG_WARN_COMMA = YES;
				CLANG_WARN_CONSTANT_CONVERSION = YES;
				CLANG_WARN_DEPRECATED_OBJC_IMPLEMENTATIONS = YES;
				CLANG_WARN_DIRECT_OBJC_ISA_USAGE = YES_ERROR;
				CLANG_WARN_DOCUMENTATION_COMMENTS = YES;
				CLANG_WARN_EMPTY_BODY = YES;
				CLANG_WARN_ENUM_CONVERSION = YES;
				CLANG_WARN_INFINITE_RECURSION = YES;
				CLANG_WARN_INT_CONVERSION = YES;
				CLANG_WARN_NON_LITERAL_NULL_CONVERSION = YES;
				CLANG_WARN_OBJC_IMPLICIT_RETAIN_SELF = YES;
				CLANG_WARN_OBJC_LITERAL_CONVERSION = YES;
				CLANG_WARN_OBJC_ROOT_CLASS = YES_ERROR;
				CLANG_WARN_QUOTED_INCLUDE_IN_FRAMEWORK_HEADER = YES;
				CLANG_WARN_RANGE_LOOP_ANALYSIS = YES;
				CLANG_WARN_STRICT_PROTOTYPES = YES;
				CLANG_WARN_SUSPICIOUS_MOVE = YES;
				CLANG_WARN_UNGUARDED_AVAILABILITY = YES_AGGRESSIVE;
				CLANG_WARN_UNREACHABLE_CODE = YES;
				CLANG_WARN__DUPLICATE_METHOD_MATCH = YES;
				COPY_PHASE_STRIP = NO;
				DEBUG_INFORMATION_FORMAT = dwarf;
				ENABLE_STRICT_OBJC_MSGSEND = YES;
				ENABLE_TESTABILITY = YES;
				GCC_C_LANGUAGE_STANDARD = gnu11;
				GCC_DYNAMIC_NO_PIC = NO;
				GCC_NO_COMMON_BLOCKS = YES;
				GCC_OPTIMIZATION_LEVEL = 0;
				GCC_PREPROCESSOR_DEFINITIONS = (
					"DEBUG=1",
					"$(inherited)",
				);
				GCC_WARN_64_TO_32_BIT_CONVERSION = YES;
				GCC_WARN_ABOUT_RETURN_TYPE = YES_ERROR;
				GCC_WARN_UNDECLARED_SELECTOR = YES;
				GCC_WARN_UNINITIALIZED_AUTOS = YES_AGGRESSIVE;
				GCC_WARN_UNUSED_FUNCTION = YES;
				GCC_WARN_UNUSED_VARIABLE = YES;
				IPHONEOS_DEPLOYMENT_TARGET = 14.3;
				MTL_ENABLE_DEBUG_INFO = INCLUDE_SOURCE;
				MTL_FAST_MATH = YES;
				ONLY_ACTIVE_ARCH = YES;
				SDKROOT = iphoneos;
				SWIFT_ACTIVE_COMPILATION_CONDITIONS = DEBUG;
				SWIFT_OPTIMIZATION_LEVEL = "-Onone";
			};
			name = Debug;
		};
		5748297C2593C13C0086B428 /* Release */ = {
			isa = XCBuildConfiguration;
			buildSettings = {
				ALWAYS_SEARCH_USER_PATHS = NO;
				CLANG_ANALYZER_NONNULL = YES;
				CLANG_ANALYZER_NUMBER_OBJECT_CONVERSION = YES_AGGRESSIVE;
				CLANG_CXX_LANGUAGE_STANDARD = "gnu++14";
				CLANG_CXX_LIBRARY = "libc++";
				CLANG_ENABLE_MODULES = YES;
				CLANG_ENABLE_OBJC_ARC = YES;
				CLANG_ENABLE_OBJC_WEAK = YES;
				CLANG_WARN_BLOCK_CAPTURE_AUTORELEASING = YES;
				CLANG_WARN_BOOL_CONVERSION = YES;
				CLANG_WARN_COMMA = YES;
				CLANG_WARN_CONSTANT_CONVERSION = YES;
				CLANG_WARN_DEPRECATED_OBJC_IMPLEMENTATIONS = YES;
				CLANG_WARN_DIRECT_OBJC_ISA_USAGE = YES_ERROR;
				CLANG_WARN_DOCUMENTATION_COMMENTS = YES;
				CLANG_WARN_EMPTY_BODY = YES;
				CLANG_WARN_ENUM_CONVERSION = YES;
				CLANG_WARN_INFINITE_RECURSION = YES;
				CLANG_WARN_INT_CONVERSION = YES;
				CLANG_WARN_NON_LITERAL_NULL_CONVERSION = YES;
				CLANG_WARN_OBJC_IMPLICIT_RETAIN_SELF = YES;
				CLANG_WARN_OBJC_LITERAL_CONVERSION = YES;
				CLANG_WARN_OBJC_ROOT_CLASS = YES_ERROR;
				CLANG_WARN_QUOTED_INCLUDE_IN_FRAMEWORK_HEADER = YES;
				CLANG_WARN_RANGE_LOOP_ANALYSIS = YES;
				CLANG_WARN_STRICT_PROTOTYPES = YES;
				CLANG_WARN_SUSPICIOUS_MOVE = YES;
				CLANG_WARN_UNGUARDED_AVAILABILITY = YES_AGGRESSIVE;
				CLANG_WARN_UNREACHABLE_CODE = YES;
				CLANG_WARN__DUPLICATE_METHOD_MATCH = YES;
				COPY_PHASE_STRIP = NO;
				DEBUG_INFORMATION_FORMAT = "dwarf-with-dsym";
				ENABLE_NS_ASSERTIONS = NO;
				ENABLE_STRICT_OBJC_MSGSEND = YES;
				GCC_C_LANGUAGE_STANDARD = gnu11;
				GCC_NO_COMMON_BLOCKS = YES;
				GCC_WARN_64_TO_32_BIT_CONVERSION = YES;
				GCC_WARN_ABOUT_RETURN_TYPE = YES_ERROR;
				GCC_WARN_UNDECLARED_SELECTOR = YES;
				GCC_WARN_UNINITIALIZED_AUTOS = YES_AGGRESSIVE;
				GCC_WARN_UNUSED_FUNCTION = YES;
				GCC_WARN_UNUSED_VARIABLE = YES;
				IPHONEOS_DEPLOYMENT_TARGET = 14.3;
				MTL_ENABLE_DEBUG_INFO = NO;
				MTL_FAST_MATH = YES;
				SDKROOT = iphoneos;
				SWIFT_COMPILATION_MODE = wholemodule;
				SWIFT_OPTIMIZATION_LEVEL = "-O";
				VALIDATE_PRODUCT = YES;
			};
			name = Release;
		};
		5748297E2593C13C0086B428 /* Debug */ = {
			isa = XCBuildConfiguration;
			buildSettings = {
				ASSETCATALOG_COMPILER_APPICON_NAME = AppIcon;
				ASSETCATALOG_COMPILER_GLOBAL_ACCENT_COLOR_NAME = AccentColor;
				CODE_SIGN_STYLE = Automatic;
				DEVELOPMENT_ASSET_PATHS = "\"ASimpleiPhoneApp/Preview Content\"";
				ENABLE_PREVIEWS = YES;
				INFOPLIST_FILE = ASimpleiPhoneApp/Info.plist;
				IPHONEOS_DEPLOYMENT_TARGET = 14.0;
				LD_RUNPATH_SEARCH_PATHS = (
					"$(inherited)",
					"@executable_path/Frameworks",
				);
				PRODUCT_BUNDLE_IDENTIFIER = com.victordomingos.ASimpleiPhoneApp;
				PRODUCT_NAME = "$(TARGET_NAME)";
				SWIFT_VERSION = 5.0;
				TARGETED_DEVICE_FAMILY = "1,2";
			};
			name = Debug;
		};
		5748297F2593C13C0086B428 /* Release */ = {
			isa = XCBuildConfiguration;
			buildSettings = {
				ASSETCATALOG_COMPILER_APPICON_NAME = AppIcon;
				ASSETCATALOG_COMPILER_GLOBAL_ACCENT_COLOR_NAME = AccentColor;
				CODE_SIGN_STYLE = Automatic;
				DEVELOPMENT_ASSET_PATHS = "\"ASimpleiPhoneApp/Preview Content\"";
				ENABLE_PREVIEWS = YES;
				INFOPLIST_FILE = ASimpleiPhoneApp/Info.plist;
				IPHONEOS_DEPLOYMENT_TARGET = 14.0;
				LD_RUNPATH_SEARCH_PATHS = (
					"$(inherited)",
					"@executable_path/Frameworks",
				);
				PRODUCT_BUNDLE_IDENTIFIER = com.victordomingos.ASimpleiPhoneApp;
				PRODUCT_NAME = "$(TARGET_NAME)";
				SWIFT_VERSION = 5.0;
				TARGETED_DEVICE_FAMILY = "1,2";
			};
			name = Release;
		};
/* End XCBuildConfiguration section */

/* Begin XCConfigurationList section */
		574829692593C13B0086B428 /* Build configuration list for PBXProject "ASimpleiPhoneApp" */ = {
			isa = XCConfigurationList;
			buildConfigurations = (
				5748297B2593C13C0086B428 /* Debug */,
				5748297C2593C13C0086B428 /* Release */,
			);
			defaultConfigurationIsVisible = 0;
			defaultConfigurationName = Release;
		};
		5748297D2593C13C0086B428 /* Build configuration list for PBXNativeTarget "ASimpleiPhoneApp" */ = {
			isa = XCConfigurationList;
			buildConfigurations = (
				5748297E2593C13C0086B428 /* Debug */,
				5748297F2593C13C0086B428 /* Release */,
			);
			defaultConfigurationIsVisible = 0;
			defaultConfigurationName = Release;
		};
/* End XCConfigurationList section */
	};
	rootObject = 574829662593C13B0086B428 /* Project object */;
}
